{
  "nodes": {
    "disko": {
      "inputs": {
        "nixpkgs": [
          "kioskBase",
          "nixpkgs"
        ]
      },
      "locked": {
        "lastModified": 1724639687,
        "narHash": "sha256-L2h46/z8WExNvtCEdZ8YuMu5TwfAGsKXXgM7pyIShvs=",
        "owner": "nix-community",
        "repo": "disko",
        "rev": "b09eb605e376c9e95c87c0ef3fcb8008e11c8368",
        "type": "github"
      },
      "original": {
        "owner": "nix-community",
        "repo": "disko",
        "type": "github"
      }
    },
    "home-manager": {
      "inputs": {
        "nixpkgs": "nixpkgs"
      },
      "locked": {
        "lastModified": 1725180166,
        "narHash": "sha256-fzssXuGR/mCeGbzM1ExaTqDz7QDGta3WA4jJsZyRruo=",
        "owner": "nix-community",
        "repo": "home-manager",
        "rev": "471e3eb0a114265bcd62d11d58ba8d3421ee68eb",
        "type": "github"
      },
      "original": {
        "owner": "nix-community",
        "repo": "home-manager",
        "type": "github"
      }
    },
    "kioskBase": {
      "inputs": {
        "disko": "disko",
        "home-manager": [
          "home-manager"
        ],
        "nixpkgs": [
          "nixpkgs"
        ]
      },
      "locked": {
        "lastModified": 1725458990,
        "narHash": "sha256-jeQa4Mhsv39M4zm+an8Vy0KokGvKO8KshNw40T8tAWI=",
        "owner": "georgiaaim",
        "repo": "nixos-kiosk-base",
        "rev": "b9b3df803d78ee35c71338e604031a867d6932f1",
        "type": "github"
      },
      "original": {
        "owner": "georgiaaim",
        "repo": "nixos-kiosk-base",
        "type": "github"
      }
    },
    "nixpkgs": {
      "locked": {
        "lastModified": 1723175592,
        "narHash": "sha256-M0xJ3FbDUc4fRZ84dPGx5VvgFsOzds77KiBMW/mMTnI=",
        "owner": "NixOS",
        "repo": "nixpkgs",
        "rev": "5e0ca22929f3342b19569b21b2f3462f053e497b",
        "type": "github"
      },
      "original": {
        "owner": "NixOS",
        "ref": "nixos-unstable",
        "repo": "nixpkgs",
        "type": "github"
      }
    },
    "nixpkgs_2": {
      "locked": {
        "lastModified": 1725103162,
        "narHash": "sha256-Ym04C5+qovuQDYL/rKWSR+WESseQBbNAe5DsXNx5trY=",
        "owner": "NixOS",
        "repo": "nixpkgs",
        "rev": "12228ff1752d7b7624a54e9c1af4b222b3c1073b",
        "type": "github"
      },
      "original": {
        "owner": "NixOS",
        "ref": "nixos-unstable",
        "repo": "nixpkgs",
        "type": "github"
      }
    },
    "root": {
      "inputs": {
        "home-manager": "home-manager",
        "kioskBase": "kioskBase",
        "nixpkgs": "nixpkgs_2"
      }
    }
  },
  "root": "root",
  "version": 7
}
